
Microsoft Visual Studio Solution File, Format Version 12.00
# Visual Studio Version 16
VisualStudioVersion = 16.0.31205.134
MinimumVisualStudioVersion = 10.0.40219.1
Project("{9A19103F-16F7-4668-BE54-9A1E7A4F7556}") = "C Sharp", "C Sharp.csproj", "{486F641D-8BE2-406C-AAD1-2A15B42B8432}"
EndProject
Global
	GlobalSection(SolutionConfigurationPlatforms) = preSolution
		Debug|Any CPU = Debug|Any CPU
		Release|Any CPU = Release|Any CPU
	EndGlobalSection
	GlobalSection(ProjectConfigurationPlatforms) = postSolution
		{486F641D-8BE2-406C-AAD1-2A15B42B8432}.Debug|Any CPU.ActiveCfg = Debug|Any CPU
		{486F641D-8BE2-406C-AAD1-2A15B42B8432}.Debug|Any CPU.Build.0 = Debug|Any CPU
		{486F641D-8BE2-406C-AAD1-2A15B42B8432}.Release|Any CPU.ActiveCfg = Release|Any CPU
		{486F641D-8BE2-406C-AAD1-2A15B42B8432}.Release|Any CPU.Build.0 = Release|Any CPU
	EndGlobalSection
	GlobalSection(SolutionProperties) = preSolution
		HideSolutionNode = FALSE
	EndGlobalSection
	GlobalSection(ExtensibilityGlobals) = postSolution
		        SolutionGuid = {D292A299-C8B0-4367-B05D-268A91561EB3}
		SolutionGuid = {2B4091E5-6554-4AB8-BFCB-8BFA7718B190}
	EndGlobalSection
EndGlobal
